
Microsoft Visual Studio Solution File, Format Version 12.00
# Visual Studio Version 16
VisualStudioVersion = 16.0.30907.101
MinimumVisualStudioVersion = 10.0.40219.1
Project("{FAE04EC0-301F-11D3-BF4B-00C04F79EFBC}") = "RazorPagesDisp", "RazorPagesDisp.csproj", "{504185DA-4B2F-470C-B285-631B0F33176B}"
EndProject
Global
	GlobalSection(SolutionConfigurationPlatforms) = preSolution
		Debug|Any CPU = Debug|Any CPU
		Release|Any CPU = Release|Any CPU
	EndGlobalSection
	GlobalSection(ProjectConfigurationPlatforms) = postSolution
		{504185DA-4B2F-470C-B285-631B0F33176B}.Debug|Any CPU.ActiveCfg = Debug|Any CPU
		{504185DA-4B2F-470C-B285-631B0F33176B}.Debug|Any CPU.Build.0 = Debug|Any CPU
		{504185DA-4B2F-470C-B285-631B0F33176B}.Release|Any CPU.ActiveCfg = Release|Any CPU
		{504185DA-4B2F-470C-B285-631B0F33176B}.Release|Any CPU.Build.0 = Release|Any CPU
	EndGlobalSection
	GlobalSection(SolutionProperties) = preSolution
		HideSolutionNode = FALSE
	EndGlobalSection
	GlobalSection(ExtensibilityGlobals) = postSolution
		SolutionGuid = {205605C8-7CA6-43EF-8D0E-9C674EBAC212}
	EndGlobalSection
EndGlobal
